
Microsoft Visual Studio Solution File, Format Version 12.00
# Visual Studio Version 17
VisualStudioVersion = 17.2.32519.379
MinimumVisualStudioVersion = 10.0.40219.1
Project("{FAE04EC0-301F-11D3-BF4B-00C04F79EFBC}") = "LeaveManagement_App", "LeaveManagement_App\LeaveManagement_App.csproj", "{D2B61BB5-8440-436E-9729-844B5449C522}"
EndProject
Global
	GlobalSection(SolutionConfigurationPlatforms) = preSolution
		Debug|Any CPU = Debug|Any CPU
		Release|Any CPU = Release|Any CPU
	EndGlobalSection
	GlobalSection(ProjectConfigurationPlatforms) = postSolution
		{D2B61BB5-8440-436E-9729-844B5449C522}.Debug|Any CPU.ActiveCfg = Debug|Any CPU
		{D2B61BB5-8440-436E-9729-844B5449C522}.Debug|Any CPU.Build.0 = Debug|Any CPU
		{D2B61BB5-8440-436E-9729-844B5449C522}.Release|Any CPU.ActiveCfg = Release|Any CPU
		{D2B61BB5-8440-436E-9729-844B5449C522}.Release|Any CPU.Build.0 = Release|Any CPU
	EndGlobalSection
	GlobalSection(SolutionProperties) = preSolution
		HideSolutionNode = FALSE
	EndGlobalSection
	GlobalSection(ExtensibilityGlobals) = postSolution
		SolutionGuid = {F162B392-11FF-412B-B85C-F83D1969B92F}
	EndGlobalSection
EndGlobal
